# THIS IS AN AUTOGENERATED FILE. DO NOT EDIT THIS FILE DIRECTLY.
# yarn lockfile v1


"@types/chalk@^2.2.0":
  version "2.2.0"
  resolved "https://registry.yarnpkg.com/@types/chalk/-/chalk-2.2.0.tgz#b7f6e446f4511029ee8e3f43075fb5b73fbaa0ba"
  integrity sha512-1zzPV9FDe1I/WHhRkf9SNgqtRJWZqrBWgu7JGveuHmmyR9CnAPCie2N/x+iHrgnpYBIcCJWHBoMRv2TRWktsvw==
  dependencies:
    chalk "*"

"@types/moment@^2.13.0":
  version "2.13.0"
  resolved "https://registry.yarnpkg.com/@types/moment/-/moment-2.13.0.tgz#604ebd189bc3bc34a1548689404e61a2a4aac896"
  integrity sha1-YE69GJvDvDShVIaJQE5hoqSqyJY=
  dependencies:
    moment "*"

"@types/node@^11.12.2":
  version "11.12.2"
  resolved "https://registry.yarnpkg.com/@types/node/-/node-11.12.2.tgz#d7f302e74b10e9801d52852137f652d9ee235da8"
  integrity sha512-c82MtnqWB/CqqK7/zit74Ob8H1dBdV7bK+BcErwtXbe0+nUGkgzq5NTDmRW/pAv2lFtmeNmW95b0zK2hxpeklg==

ansi-styles@^3.2.1:
  version "3.2.1"
  resolved "https://registry.yarnpkg.com/ansi-styles/-/ansi-styles-3.2.1.tgz#41fbb20243e50b12be0f04b8dedbf07520ce841d"
  integrity sha512-VT0ZI6kZRdTh8YyJw3SMbYm/u+NqfsAxEpWO0Pf9sq8/e94WxxOpPKx9FR1FlyCtOVDNOQ+8ntlqFxiRc+r5qA==
  dependencies:
    color-convert "^1.9.0"

async-limiter@~1.0.0:
  version "1.0.0"
  resolved "https://registry.yarnpkg.com/async-limiter/-/async-limiter-1.0.0.tgz#78faed8c3d074ab81f22b4e985d79e8738f720f8"
  integrity sha512-jp/uFnooOiO+L211eZOoSyzpOITMXx1rBITauYykG3BRYPu8h0UcxsPNB04RR5vo4Tyz3+ay17tR6JVf9qzYWg==

babylon@7.0.0-beta.19:
  version "7.0.0-beta.19"
  resolved "https://registry.yarnpkg.com/babylon/-/babylon-7.0.0-beta.19.tgz#e928c7e807e970e0536b078ab3e0c48f9e052503"
  integrity sha512-Vg0C9s/REX6/WIXN37UKpv5ZhRi6A4pjHlpkE34+8/a6c2W1Q692n3hmc+SZG5lKRnaExLUbxtJ1SVT+KaCQ/A==

bindings@1:
  version "1.5.0"
  resolved "https://registry.yarnpkg.com/bindings/-/bindings-1.5.0.tgz#10353c9e945334bc0511a6d90b38fbc7c9c504df"
  integrity sha512-p2q/t/mhvuOj/UeLlV6566GD/guowlr0hHxClI0W9m7MWYkL1F0hLo+0Aexs9HSPCtR1SXQ0TD3MMKrXZajbiQ==
  dependencies:
    file-uri-to-path "1.0.0"

bindings@~1.2.1:
  version "1.2.1"
  resolved "https://registry.yarnpkg.com/bindings/-/bindings-1.2.1.tgz#14ad6113812d2d37d72e67b4cacb4bb726505f11"
  integrity sha1-FK1hE4EtLTfXLme0ystLtyZQXxE=

bluebird@~3.5.0:
  version "3.5.3"
  resolved "https://registry.yarnpkg.com/bluebird/-/bluebird-3.5.3.tgz#7d01c6f9616c9a51ab0f8c549a79dfe6ec33efa7"
  integrity sha512-/qKPUQlaW1OyR51WeCPBvRnAlnZFUJkCSG5HzGnuIqhgyJtF+T94lFnn33eiazjRm2LAHVy2guNnaq48X9SJuw==

catharsis@~0.8.9:
  version "0.8.9"
  resolved "https://registry.yarnpkg.com/catharsis/-/catharsis-0.8.9.tgz#98cc890ca652dd2ef0e70b37925310ff9e90fc8b"
  integrity sha1-mMyJDKZS3S7w5ws3klMQ/56Q/Is=
  dependencies:
    underscore-contrib "~0.3.0"

chalk@*, chalk@^2.4.2:
  version "2.4.2"
  resolved "https://registry.yarnpkg.com/chalk/-/chalk-2.4.2.tgz#cd42541677a54333cf541a49108c1432b44c9424"
  integrity sha512-Mti+f9lpJNcwF4tWV8/OrTTtF1gZi+f8FqlyAdouralcFWFQWF2+NgCHShjkCb+IFBLq9buZwE1xckQU4peSuQ==
  dependencies:
    ansi-styles "^3.2.1"
    escape-string-regexp "^1.0.5"
    supports-color "^5.3.0"

color-convert@^1.9.0:
  version "1.9.3"
  resolved "https://registry.yarnpkg.com/color-convert/-/color-convert-1.9.3.tgz#bb71850690e1f136567de629d2d5471deda4c1e8"
  integrity sha512-QfAUtd+vFdAtFQcC8CCyYt1fYWxSqAiK2cSD6zDB8N3cpsEBAvRxp9zOGg6G/SHHJYAT88/az/IuDGALsNVbGg==
  dependencies:
    color-name "1.1.3"

color-name@1.1.3:
  version "1.1.3"
  resolved "https://registry.yarnpkg.com/color-name/-/color-name-1.1.3.tgz#a7d0558bd89c42f795dd42328f740831ca53bc25"
  integrity sha1-p9BVi9icQveV3UIyj3QIMcpTvCU=

commander@^2.9.0:
  version "2.19.0"
  resolved "https://registry.yarnpkg.com/commander/-/commander-2.19.0.tgz#f6198aa84e5b83c46054b94ddedbfed5ee9ff12a"
  integrity sha512-6tvAOO+D6OENvRAh524Dh9jcfKTYDQAqvqezbCW82xj5X0pSrcpxtvRKHLG0yBY6SD7PSDrJaj+0AiOcKVd1Xg==

debug@2:
  version "2.6.9"
  resolved "https://registry.yarnpkg.com/debug/-/debug-2.6.9.tgz#5d128515df134ff327e90a4c93f4e077a536341f"
  integrity sha512-bC7ElrdJaJnPbAP+1EotYvqZsb3ecl5wi6Bfi6BJTUcNowp6cvspg0jXznRTKDjm/E7AdgFBVeAPVMNcKGsHMA==
  dependencies:
    ms "2.0.0"

discord.js@^11.4.2:
  version "11.4.2"
  resolved "https://registry.yarnpkg.com/discord.js/-/discord.js-11.4.2.tgz#54586981926521572051f2a30b984aad2b49786e"
  integrity sha512-MDwpu0lMFTjqomijDl1Ed9miMQe6kB4ifKdP28QZllmLv/HVOJXhatRgjS8urp/wBlOfx+qAYSXcdI5cKGYsfg==
  dependencies:
    long "^4.0.0"
    prism-media "^0.0.3"
    snekfetch "^3.6.4"
    tweetnacl "^1.0.0"
    ws "^4.0.0"

escape-string-regexp@^1.0.5, escape-string-regexp@~1.0.5:
  version "1.0.5"
  resolved "https://registry.yarnpkg.com/escape-string-regexp/-/escape-string-regexp-1.0.5.tgz#1b61c0562190a8dff6ae3bb2cf0200ca130b86d4"
  integrity sha1-G2HAViGQqN/2rjuyzwIAyhMLhtQ=

file-uri-to-path@1.0.0:
  version "1.0.0"
  resolved "https://registry.yarnpkg.com/file-uri-to-path/-/file-uri-to-path-1.0.0.tgz#553a7b8446ff6f684359c445f1e37a05dacc33dd"
  integrity sha512-0Zt+s3L7Vf1biwWZ29aARiVYLx7iMGnEUl9x33fbB/j3jR81u/O2LbqK+Bm1CDSNDKVtJ/YjwY7TUd5SkeLQLw==

graceful-fs@^4.1.9:
  version "4.1.15"
  resolved "https://registry.yarnpkg.com/graceful-fs/-/graceful-fs-4.1.15.tgz#ffb703e1066e8a0eeaa4c8b80ba9253eeefbfb00"
  integrity sha512-6uHUhOPEBgQ24HM+r6b/QwWfZq+yiFcipKFrOFiBEnWdy5sdzYoi+pJeQaPI5qOLRFqWmAXUPQNsielzdLoecA==

has-flag@^3.0.0:
  version "3.0.0"
  resolved "https://registry.yarnpkg.com/has-flag/-/has-flag-3.0.0.tgz#b5d454dc2199ae225699f3467e5a07f3b955bafd"
  integrity sha1-tdRU3CGZriJWmfNGfloH87lVuv0=

inherits@2.0.3:
  version "2.0.3"
  resolved "https://registry.yarnpkg.com/inherits/-/inherits-2.0.3.tgz#633c2c83e3da42a502f52466022480f4208261de"
  integrity sha1-Yzwsg+PaQqUC9SRmAiSA9CCCYd4=

js2xmlparser@~3.0.0:
  version "3.0.0"
  resolved "https://registry.yarnpkg.com/js2xmlparser/-/js2xmlparser-3.0.0.tgz#3fb60eaa089c5440f9319f51760ccd07e2499733"
  integrity sha1-P7YOqgicVED5MZ9RdgzNB+JJlzM=
  dependencies:
    xmlcreate "^1.0.1"

jsdoc@^3.5.5:
  version "3.5.5"
  resolved "https://registry.yarnpkg.com/jsdoc/-/jsdoc-3.5.5.tgz#484521b126e81904d632ff83ec9aaa096708fa4d"
  integrity sha512-6PxB65TAU4WO0Wzyr/4/YhlGovXl0EVYfpKbpSroSj0qBxT4/xod/l40Opkm38dRHRdQgdeY836M0uVnJQG7kg==
  dependencies:
    babylon "7.0.0-beta.19"
    bluebird "~3.5.0"
    catharsis "~0.8.9"
    escape-string-regexp "~1.0.5"
    js2xmlparser "~3.0.0"
    klaw "~2.0.0"
    marked "~0.3.6"
    mkdirp "~0.5.1"
    requizzle "~0.2.1"
    strip-json-comments "~2.0.1"
    taffydb "2.6.2"
    underscore "~1.8.3"

klaw@~2.0.0:
  version "2.0.0"
  resolved "https://registry.yarnpkg.com/klaw/-/klaw-2.0.0.tgz#59c128e0dc5ce410201151194eeb9cbf858650f6"
  integrity sha1-WcEo4Nxc5BAgEVEZTuucv4WGUPY=
  dependencies:
    graceful-fs "^4.1.9"

long@^4.0.0:
  version "4.0.0"
  resolved "https://registry.yarnpkg.com/long/-/long-4.0.0.tgz#9a7b71cfb7d361a194ea555241c92f7468d5bf28"
  integrity sha512-XsP+KhQif4bjX1kbuSiySJFNAehNxgLb6hPRGJ9QsUr8ajHkuXGdrHmFUTUUXhDwVX2R5bY4JNZEwbUiMhV+MA==

marked@~0.3.6:
  version "0.3.19"
  resolved "https://registry.yarnpkg.com/marked/-/marked-0.3.19.tgz#5d47f709c4c9fc3c216b6d46127280f40b39d790"
  integrity sha512-ea2eGWOqNxPcXv8dyERdSr/6FmzvWwzjMxpfGB/sbMccXoct+xY+YukPD+QTUZwyvK7BZwcr4m21WBOW41pAkg==

minimist@0.0.8:
  version "0.0.8"
  resolved "https://registry.yarnpkg.com/minimist/-/minimist-0.0.8.tgz#857fcabfc3397d2625b8228262e86aa7a011b05d"
  integrity sha1-hX/Kv8M5fSYluCKCYuhqp6ARsF0=

mkdirp@~0.5.1:
  version "0.5.1"
  resolved "https://registry.yarnpkg.com/mkdirp/-/mkdirp-0.5.1.tgz#30057438eac6cf7f8c4767f38648d6697d75c903"
  integrity sha1-MAV0OOrGz3+MR2fzhkjWaX11yQM=
  dependencies:
    minimist "0.0.8"

moment@*, moment@^2.24.0:
  version "2.24.0"
  resolved "https://registry.yarnpkg.com/moment/-/moment-2.24.0.tgz#0d055d53f5052aa653c9f6eb68bb5d12bf5c2b5b"
  integrity sha512-bV7f+6l2QigeBBZSM/6yTNq4P2fNpSWj/0e7jQcy87A8e7o2nAfP/34/2ky5Vw4B9S446EtIhodAzkFCcR4dQg==

ms@2.0.0:
  version "2.0.0"
  resolved "https://registry.yarnpkg.com/ms/-/ms-2.0.0.tgz#5608aeadfc00be6c2901df5f9861788de0d597c8"
  integrity sha1-VgiurfwAvmwpAd9fmGF4jeDVl8g=

nan@2, nan@^2.10.0:
  version "2.13.2"
  resolved "https://registry.yarnpkg.com/nan/-/nan-2.13.2.tgz#f51dc7ae66ba7d5d55e1e6d4d8092e802c9aefe7"
  integrity sha512-TghvYc72wlMGMVMluVo9WRJc0mB8KxxF/gZ4YYFy7V2ZQX9l7rgbPg7vjS9mt6U5HXODVFVI2bOduCzwOMv/lw==

node-opus@^0.3.1:
  version "0.3.1"
  resolved "https://registry.yarnpkg.com/node-opus/-/node-opus-0.3.1.tgz#21cbf04030043faa44016e5caf8b7a8c2a5905b3"
  integrity sha512-1Cb8OvHhdDspVfeKMjEgbedJabyE1Ib6OcN2BMEsRCU7FIsciuBpOErcie3y0qTf83nclPAY+kBU3Oj+U+oRlQ==
  dependencies:
    bindings "~1.2.1"
    commander "^2.9.0"
    nan "^2.10.0"
  optionalDependencies:
    ogg-packet "^1.0.0"

ogg-packet@^1.0.0:
  version "1.0.1"
  resolved "https://registry.yarnpkg.com/ogg-packet/-/ogg-packet-1.0.1.tgz#6b7d6c7a743c5f1ae9277c3b1271cac256af4785"
  integrity sha512-dW1ok3BMnMikyXGDIgVEckWnlViW8JLWQV4qj9aN/rNRVqHlDYSlcIEtSIMH7tpuUOiIxAhY3+OxNdIOm6s17A==
  dependencies:
    ref-struct "*"

path@^0.12.7:
  version "0.12.7"
  resolved "https://registry.yarnpkg.com/path/-/path-0.12.7.tgz#d4dc2a506c4ce2197eb481ebfcd5b36c0140b10f"
  integrity sha1-1NwqUGxM4hl+tIHr/NWzbAFAsQ8=
  dependencies:
    process "^0.11.1"
    util "^0.10.3"

prism-media@^0.0.3:
  version "0.0.3"
  resolved "https://registry.yarnpkg.com/prism-media/-/prism-media-0.0.3.tgz#8842d4fae804f099d3b48a9a38e3c2bab6f4855b"
  integrity sha512-c9KkNifSMU/iXT8FFTaBwBMr+rdVcN+H/uNv1o+CuFeTThNZNTOrQ+RgXA1yL/DeLk098duAeRPP3QNPNbhxYQ==

process@^0.11.1:
  version "0.11.10"
  resolved "https://registry.yarnpkg.com/process/-/process-0.11.10.tgz#7332300e840161bda3e69a1d1d91a7d4bc16f182"
  integrity sha1-czIwDoQBYb2j5podHZGn1LwW8YI=

ref-struct@*:
  version "1.1.0"
  resolved "https://registry.yarnpkg.com/ref-struct/-/ref-struct-1.1.0.tgz#5d5ee65ad41cefc3a5c5feb40587261e479edc13"
  integrity sha1-XV7mWtQc78Olxf60BYcmHkee3BM=
  dependencies:
    debug "2"
    ref "1"

ref@1:
  version "1.3.5"
  resolved "https://registry.yarnpkg.com/ref/-/ref-1.3.5.tgz#0e33f080cdb94a3d95312b2b3b1fd0f82044ca0f"
  integrity sha512-2cBCniTtxcGUjDpvFfVpw323a83/0RLSGJJY5l5lcomZWhYpU2cuLdsvYqMixvsdLJ9+sTdzEkju8J8ZHDM2nA==
  dependencies:
    bindings "1"
    debug "2"
    nan "2"

requizzle@~0.2.1:
  version "0.2.1"
  resolved "https://registry.yarnpkg.com/requizzle/-/requizzle-0.2.1.tgz#6943c3530c4d9a7e46f1cddd51c158fc670cdbde"
  integrity sha1-aUPDUwxNmn5G8c3dUcFY/GcM294=
  dependencies:
    underscore "~1.6.0"

safe-buffer@~5.1.0:
  version "5.1.2"
  resolved "https://registry.yarnpkg.com/safe-buffer/-/safe-buffer-5.1.2.tgz#991ec69d296e0313747d59bdfd2b745c35f8828d"
  integrity sha512-Gd2UZBJDkXlY7GbJxfsE8/nvKkUEU1G38c1siN6QP6a9PT9MmHB8GnpscSmMJSoF8LOIrt8ud/wPtojys4G6+g==

snekfetch@^3.6.4:
  version "3.6.4"
  resolved "https://registry.yarnpkg.com/snekfetch/-/snekfetch-3.6.4.tgz#d13e80a616d892f3d38daae4289f4d258a645120"
  integrity sha512-NjxjITIj04Ffqid5lqr7XdgwM7X61c/Dns073Ly170bPQHLm6jkmelye/eglS++1nfTWktpP6Y2bFXjdPlQqdw==

strip-json-comments@~2.0.1:
  version "2.0.1"
  resolved "https://registry.yarnpkg.com/strip-json-comments/-/strip-json-comments-2.0.1.tgz#3c531942e908c2697c0ec344858c286c7ca0a60a"
  integrity sha1-PFMZQukIwml8DsNEhYwobHygpgo=

supports-color@^5.3.0:
  version "5.5.0"
  resolved "https://registry.yarnpkg.com/supports-color/-/supports-color-5.5.0.tgz#e2e69a44ac8772f78a1ec0b35b689df6530efc8f"
  integrity sha512-QjVjwdXIt408MIiAqCX4oUKsgU2EqAGzs2Ppkm4aQYbjm+ZEWEcW4SfFNTr4uMNZma0ey4f5lgLrkB0aX0QMow==
  dependencies:
    has-flag "^3.0.0"

taffydb@2.6.2:
  version "2.6.2"
  resolved "https://registry.yarnpkg.com/taffydb/-/taffydb-2.6.2.tgz#7cbcb64b5a141b6a2efc2c5d2c67b4e150b2a268"
  integrity sha1-fLy2S1oUG2ou/CxdLGe04VCyomg=

tweetnacl@^1.0.0:
  version "1.0.1"
  resolved "https://registry.yarnpkg.com/tweetnacl/-/tweetnacl-1.0.1.tgz#2594d42da73cd036bd0d2a54683dd35a6b55ca17"
  integrity sha512-kcoMoKTPYnoeS50tzoqjPY3Uv9axeuuFAZY9M/9zFnhoVvRfxz9K29IMPD7jGmt2c8SW7i3gT9WqDl2+nV7p4A==

underscore-contrib@~0.3.0:
  version "0.3.0"
  resolved "https://registry.yarnpkg.com/underscore-contrib/-/underscore-contrib-0.3.0.tgz#665b66c24783f8fa2b18c9f8cbb0e2c7d48c26c7"
  integrity sha1-ZltmwkeD+PorGMn4y7Dix9SMJsc=
  dependencies:
    underscore "1.6.0"

underscore@1.6.0, underscore@~1.6.0:
  version "1.6.0"
  resolved "https://registry.yarnpkg.com/underscore/-/underscore-1.6.0.tgz#8b38b10cacdef63337b8b24e4ff86d45aea529a8"
  integrity sha1-izixDKze9jM3uLJOT/htRa6lKag=

underscore@~1.8.3:
  version "1.8.3"
  resolved "https://registry.yarnpkg.com/underscore/-/underscore-1.8.3.tgz#4f3fb53b106e6097fcf9cb4109f2a5e9bdfa5022"
  integrity sha1-Tz+1OxBuYJf8+ctBCfKl6b36UCI=

util@^0.10.3:
  version "0.10.4"
  resolved "https://registry.yarnpkg.com/util/-/util-0.10.4.tgz#3aa0125bfe668a4672de58857d3ace27ecb76901"
  integrity sha512-0Pm9hTQ3se5ll1XihRic3FDIku70C+iHUdT/W926rSgHV5QgXsYbKZN8MSC3tJtSkhuROzvsQjAaFENRXr+19A==
  dependencies:
    inherits "2.0.3"

uws@^100.0.1:
  version "100.0.1"
  resolved "https://registry.yarnpkg.com/uws/-/uws-100.0.1.tgz#39b6c14ed4be8af87037b3e8c8965f55a6743fc3"
  integrity sha512-iBNNJBr4I6dzgAHV5EqbRU5dU9At0AqJT04rlgI2sHE+tws+AgBJOfuW9BIQ3xAgtz7tSxbZrC6X4gcrnDuAfA==

ws@^4.0.0:
  version "4.1.0"
  resolved "https://registry.yarnpkg.com/ws/-/ws-4.1.0.tgz#a979b5d7d4da68bf54efe0408967c324869a7289"
  integrity sha512-ZGh/8kF9rrRNffkLFV4AzhvooEclrOH0xaugmqGsIfFgOE/pIz4fMc4Ef+5HSQqTEug2S9JZIWDR47duDSLfaA==
  dependencies:
    async-limiter "~1.0.0"
    safe-buffer "~5.1.0"

xmlcreate@^1.0.1:
  version "1.0.2"
  resolved "https://registry.yarnpkg.com/xmlcreate/-/xmlcreate-1.0.2.tgz#fa6bf762a60a413fb3dd8f4b03c5b269238d308f"
  integrity sha1-+mv3YqYKQT+z3Y9LA8WyaSONMI8=
